
Microsoft Visual Studio Solution File, Format Version 12.00
# Visual Studio 15
VisualStudioVersion = 15.0.27703.2042
MinimumVisualStudioVersion = 10.0.40219.1
Project("{2150E333-8FDC-42A3-9474-1A3956D46DE8}") = "200 - Entities", "200 - Entities", "{B6A4DCE0-036A-402C-9709-8F08B7A6E829}"
EndProject
Project("{FAE04EC0-301F-11D3-BF4B-00C04F79EFBC}") = "Entities", "Entities\Entities.csproj", "{82BEE936-F17E-44A4-86B9-CEA6187FC4E6}"
EndProject
Project("{2150E333-8FDC-42A3-9474-1A3956D46DE8}") = "100 - Frontend", "100 - Frontend", "{F844241A-9F6B-4D8A-B391-9A8A9D884C65}"
EndProject
Project("{FAE04EC0-301F-11D3-BF4B-00C04F79EFBC}") = "Frontend", "Frontend\Frontend.csproj", "{BC53A58B-FC79-4999-85E4-D55F045598DF}"
EndProject
Project("{2150E333-8FDC-42A3-9474-1A3956D46DE8}") = "300 - ILibraries", "300 - ILibraries", "{C5C77DA2-447F-4B69-99F2-10FE02BC71F3}"
EndProject
Project("{2150E333-8FDC-42A3-9474-1A3956D46DE8}") = "400 - Libraries", "400 - Libraries", "{0290263D-F4A1-450B-8611-A9EAD4B3F31D}"
EndProject
Project("{FAE04EC0-301F-11D3-BF4B-00C04F79EFBC}") = "IBLL", "IBLL\IBLL.csproj", "{3344C298-AFCC-4771-B757-71877EFA6279}"
EndProject
Project("{FAE04EC0-301F-11D3-BF4B-00C04F79EFBC}") = "IDAL", "IDAL\IDAL.csproj", "{6784FFAE-9978-4357-95F6-02251DE7EEB4}"
EndProject
Project("{FAE04EC0-301F-11D3-BF4B-00C04F79EFBC}") = "DAL", "DAL\DAL.csproj", "{157F1C8C-E289-454E-B66D-B60B07034E42}"
EndProject
Project("{FAE04EC0-301F-11D3-BF4B-00C04F79EFBC}") = "BLL", "BLL\BLL.csproj", "{CBC5F008-8AB9-45A6-A8C3-AD99F1945A67}"
EndProject
Global
	GlobalSection(SolutionConfigurationPlatforms) = preSolution
		Debug|Any CPU = Debug|Any CPU
		Release|Any CPU = Release|Any CPU
	EndGlobalSection
	GlobalSection(ProjectConfigurationPlatforms) = postSolution
		{82BEE936-F17E-44A4-86B9-CEA6187FC4E6}.Debug|Any CPU.ActiveCfg = Debug|Any CPU
		{82BEE936-F17E-44A4-86B9-CEA6187FC4E6}.Debug|Any CPU.Build.0 = Debug|Any CPU
		{82BEE936-F17E-44A4-86B9-CEA6187FC4E6}.Release|Any CPU.ActiveCfg = Release|Any CPU
		{82BEE936-F17E-44A4-86B9-CEA6187FC4E6}.Release|Any CPU.Build.0 = Release|Any CPU
		{BC53A58B-FC79-4999-85E4-D55F045598DF}.Debug|Any CPU.ActiveCfg = Debug|Any CPU
		{BC53A58B-FC79-4999-85E4-D55F045598DF}.Debug|Any CPU.Build.0 = Debug|Any CPU
		{BC53A58B-FC79-4999-85E4-D55F045598DF}.Release|Any CPU.ActiveCfg = Release|Any CPU
		{BC53A58B-FC79-4999-85E4-D55F045598DF}.Release|Any CPU.Build.0 = Release|Any CPU
		{3344C298-AFCC-4771-B757-71877EFA6279}.Debug|Any CPU.ActiveCfg = Debug|Any CPU
		{3344C298-AFCC-4771-B757-71877EFA6279}.Debug|Any CPU.Build.0 = Debug|Any CPU
		{3344C298-AFCC-4771-B757-71877EFA6279}.Release|Any CPU.ActiveCfg = Release|Any CPU
		{3344C298-AFCC-4771-B757-71877EFA6279}.Release|Any CPU.Build.0 = Release|Any CPU
		{6784FFAE-9978-4357-95F6-02251DE7EEB4}.Debug|Any CPU.ActiveCfg = Debug|Any CPU
		{6784FFAE-9978-4357-95F6-02251DE7EEB4}.Debug|Any CPU.Build.0 = Debug|Any CPU
		{6784FFAE-9978-4357-95F6-02251DE7EEB4}.Release|Any CPU.ActiveCfg = Release|Any CPU
		{6784FFAE-9978-4357-95F6-02251DE7EEB4}.Release|Any CPU.Build.0 = Release|Any CPU
		{157F1C8C-E289-454E-B66D-B60B07034E42}.Debug|Any CPU.ActiveCfg = Debug|Any CPU
		{157F1C8C-E289-454E-B66D-B60B07034E42}.Debug|Any CPU.Build.0 = Debug|Any CPU
		{157F1C8C-E289-454E-B66D-B60B07034E42}.Release|Any CPU.ActiveCfg = Release|Any CPU
		{157F1C8C-E289-454E-B66D-B60B07034E42}.Release|Any CPU.Build.0 = Release|Any CPU
		{CBC5F008-8AB9-45A6-A8C3-AD99F1945A67}.Debug|Any CPU.ActiveCfg = Debug|Any CPU
		{CBC5F008-8AB9-45A6-A8C3-AD99F1945A67}.Debug|Any CPU.Build.0 = Debug|Any CPU
		{CBC5F008-8AB9-45A6-A8C3-AD99F1945A67}.Release|Any CPU.ActiveCfg = Release|Any CPU
		{CBC5F008-8AB9-45A6-A8C3-AD99F1945A67}.Release|Any CPU.Build.0 = Release|Any CPU
	EndGlobalSection
	GlobalSection(SolutionProperties) = preSolution
		HideSolutionNode = FALSE
	EndGlobalSection
	GlobalSection(NestedProjects) = preSolution
		{82BEE936-F17E-44A4-86B9-CEA6187FC4E6} = {B6A4DCE0-036A-402C-9709-8F08B7A6E829}
		{BC53A58B-FC79-4999-85E4-D55F045598DF} = {F844241A-9F6B-4D8A-B391-9A8A9D884C65}
		{3344C298-AFCC-4771-B757-71877EFA6279} = {C5C77DA2-447F-4B69-99F2-10FE02BC71F3}
		{6784FFAE-9978-4357-95F6-02251DE7EEB4} = {C5C77DA2-447F-4B69-99F2-10FE02BC71F3}
		{157F1C8C-E289-454E-B66D-B60B07034E42} = {0290263D-F4A1-450B-8611-A9EAD4B3F31D}
		{CBC5F008-8AB9-45A6-A8C3-AD99F1945A67} = {0290263D-F4A1-450B-8611-A9EAD4B3F31D}
	EndGlobalSection
	GlobalSection(ExtensibilityGlobals) = postSolution
		SolutionGuid = {4D7D62AC-4969-4DB2-B8EB-756F63F31BCD}
	EndGlobalSection
EndGlobal
